
Microsoft Visual Studio Solution File, Format Version 12.00
# Visual Studio Version 17
VisualStudioVersion = 17.5.33424.131
MinimumVisualStudioVersion = 10.0.40219.1
Project("{FAE04EC0-301F-11D3-BF4B-00C04F79EFBC}") = "NewHoursLogger", "NewHoursLogger\NewHoursLogger.csproj", "{47C972E5-1396-49F9-BC0B-0CD16C95A051}"
EndProject
Global
	GlobalSection(SolutionConfigurationPlatforms) = preSolution
		Debug|Any CPU = Debug|Any CPU
		Release|Any CPU = Release|Any CPU
	EndGlobalSection
	GlobalSection(ProjectConfigurationPlatforms) = postSolution
		{47C972E5-1396-49F9-BC0B-0CD16C95A051}.Debug|Any CPU.ActiveCfg = Debug|Any CPU
		{47C972E5-1396-49F9-BC0B-0CD16C95A051}.Debug|Any CPU.Build.0 = Debug|Any CPU
		{47C972E5-1396-49F9-BC0B-0CD16C95A051}.Release|Any CPU.ActiveCfg = Release|Any CPU
		{47C972E5-1396-49F9-BC0B-0CD16C95A051}.Release|Any CPU.Build.0 = Release|Any CPU
	EndGlobalSection
	GlobalSection(SolutionProperties) = preSolution
		HideSolutionNode = FALSE
	EndGlobalSection
	GlobalSection(ExtensibilityGlobals) = postSolution
		SolutionGuid = {DAEA0371-77D4-485E-83B7-85CEAE9C4337}
	EndGlobalSection
EndGlobal
